
Microsoft Visual Studio Solution File, Format Version 12.00
# Visual Studio 14
VisualStudioVersion = 14.0.25420.1
MinimumVisualStudioVersion = 10.0.40219.1
Project("{FAE04EC0-301F-11D3-BF4B-00C04F79EFBC}") = "MVCRAST", "MVCRAST\MVCRAST.csproj", "{19508365-F0A2-42A2-A295-8054E882E592}"
EndProject
Project("{FAE04EC0-301F-11D3-BF4B-00C04F79EFBC}") = "MVCRAST.Tests", "MVCRAST.Tests\MVCRAST.Tests.csproj", "{0B9BB56A-3DFB-4BFC-829C-203D8DEA2C70}"
EndProject
Global
	GlobalSection(SolutionConfigurationPlatforms) = preSolution
		Debug|Any CPU = Debug|Any CPU
		Release|Any CPU = Release|Any CPU
	EndGlobalSection
	GlobalSection(ProjectConfigurationPlatforms) = postSolution
		{19508365-F0A2-42A2-A295-8054E882E592}.Debug|Any CPU.ActiveCfg = Debug|Any CPU
		{19508365-F0A2-42A2-A295-8054E882E592}.Debug|Any CPU.Build.0 = Debug|Any CPU
		{19508365-F0A2-42A2-A295-8054E882E592}.Release|Any CPU.ActiveCfg = Release|Any CPU
		{19508365-F0A2-42A2-A295-8054E882E592}.Release|Any CPU.Build.0 = Release|Any CPU
		{0B9BB56A-3DFB-4BFC-829C-203D8DEA2C70}.Debug|Any CPU.ActiveCfg = Debug|Any CPU
		{0B9BB56A-3DFB-4BFC-829C-203D8DEA2C70}.Debug|Any CPU.Build.0 = Debug|Any CPU
		{0B9BB56A-3DFB-4BFC-829C-203D8DEA2C70}.Release|Any CPU.ActiveCfg = Release|Any CPU
		{0B9BB56A-3DFB-4BFC-829C-203D8DEA2C70}.Release|Any CPU.Build.0 = Release|Any CPU
	EndGlobalSection
	GlobalSection(SolutionProperties) = preSolution
		HideSolutionNode = FALSE
	EndGlobalSection
EndGlobal
